
Microsoft Visual Studio Solution File, Format Version 12.00
# Visual Studio Version 17
VisualStudioVersion = 17.2.32630.192
MinimumVisualStudioVersion = 10.0.40219.1
Project("{FAE04EC0-301F-11D3-BF4B-00C04F79EFBC}") = "Health_System", "Health_System\Health_System.csproj", "{678DA89A-4983-4B81-B302-503A0A02AD03}"
EndProject
Global
	GlobalSection(SolutionConfigurationPlatforms) = preSolution
		Debug|Any CPU = Debug|Any CPU
		Release|Any CPU = Release|Any CPU
	EndGlobalSection
	GlobalSection(ProjectConfigurationPlatforms) = postSolution
		{678DA89A-4983-4B81-B302-503A0A02AD03}.Debug|Any CPU.ActiveCfg = Debug|Any CPU
		{678DA89A-4983-4B81-B302-503A0A02AD03}.Debug|Any CPU.Build.0 = Debug|Any CPU
		{678DA89A-4983-4B81-B302-503A0A02AD03}.Release|Any CPU.ActiveCfg = Release|Any CPU
		{678DA89A-4983-4B81-B302-503A0A02AD03}.Release|Any CPU.Build.0 = Release|Any CPU
	EndGlobalSection
	GlobalSection(SolutionProperties) = preSolution
		HideSolutionNode = FALSE
	EndGlobalSection
	GlobalSection(ExtensibilityGlobals) = postSolution
		SolutionGuid = {C4893EEA-CB1A-483C-9C35-95566C893D5D}
	EndGlobalSection
EndGlobal
